
Microsoft Visual Studio Solution File, Format Version 12.00
# Visual Studio Version 17
VisualStudioVersion = 17.14.37111.16 d17.14
MinimumVisualStudioVersion = 10.0.40219.1
Project("{FAE04EC0-301F-11D3-BF4B-00C04F79EFBC}") = "Aggregation.WebAPI", "Aggregation.WebAPI\Aggregation.WebAPI.csproj", "{429440B8-D236-46C1-BD08-60AA8A5FAB07}"
EndProject
Global
	GlobalSection(SolutionConfigurationPlatforms) = preSolution
		Debug|Any CPU = Debug|Any CPU
		Release|Any CPU = Release|Any CPU
	EndGlobalSection
	GlobalSection(ProjectConfigurationPlatforms) = postSolution
		{429440B8-D236-46C1-BD08-60AA8A5FAB07}.Debug|Any CPU.ActiveCfg = Debug|Any CPU
		{429440B8-D236-46C1-BD08-60AA8A5FAB07}.Debug|Any CPU.Build.0 = Debug|Any CPU
		{429440B8-D236-46C1-BD08-60AA8A5FAB07}.Release|Any CPU.ActiveCfg = Release|Any CPU
		{429440B8-D236-46C1-BD08-60AA8A5FAB07}.Release|Any CPU.Build.0 = Release|Any CPU
	EndGlobalSection
	GlobalSection(SolutionProperties) = preSolution
		HideSolutionNode = FALSE
	EndGlobalSection
	GlobalSection(ExtensibilityGlobals) = postSolution
		SolutionGuid = {89B8CFD9-D19B-4568-AE7B-86BB0C70556A}
	EndGlobalSection
EndGlobal
